
Microsoft Visual Studio Solution File, Format Version 12.00
# Visual Studio Version 16
VisualStudioVersion = 16.0.30804.86
MinimumVisualStudioVersion = 10.0.40219.1
Project("{8BC9CEB8-8B4A-11D0-8D11-00A0C91BC942}") = "VLM", "VLM.vcxproj", "{2114EF35-C9EC-489E-B293-D14578DB13AA}"
EndProject
Global
	GlobalSection(SolutionConfigurationPlatforms) = preSolution
		Debug|x64 = Debug|x64
		Debug|x86 = Debug|x86
		Release|x64 = Release|x64
		Release|x86 = Release|x86
	EndGlobalSection
	GlobalSection(ProjectConfigurationPlatforms) = postSolution
		{2114EF35-C9EC-489E-B293-D14578DB13AA}.Debug|x64.ActiveCfg = Debug|x64
		{2114EF35-C9EC-489E-B293-D14578DB13AA}.Debug|x64.Build.0 = Debug|x64
		{2114EF35-C9EC-489E-B293-D14578DB13AA}.Debug|x86.ActiveCfg = Debug|Win32
		{2114EF35-C9EC-489E-B293-D14578DB13AA}.Debug|x86.Build.0 = Debug|Win32
		{2114EF35-C9EC-489E-B293-D14578DB13AA}.Release|x64.ActiveCfg = Release|x64
		{2114EF35-C9EC-489E-B293-D14578DB13AA}.Release|x64.Build.0 = Release|x64
		{2114EF35-C9EC-489E-B293-D14578DB13AA}.Release|x86.ActiveCfg = Release|Win32
		{2114EF35-C9EC-489E-B293-D14578DB13AA}.Release|x86.Build.0 = Release|Win32
	EndGlobalSection
	GlobalSection(SolutionProperties) = preSolution
		HideSolutionNode = FALSE
	EndGlobalSection
	GlobalSection(ExtensibilityGlobals) = postSolution
		SolutionGuid = {6E1AD9A5-B5C8-4EA5-B0BB-0D1EBB5CD79D}
	EndGlobalSection
EndGlobal
